
Microsoft Visual Studio Solution File, Format Version 12.00
# Visual Studio Version 16
VisualStudioVersion = 16.0.30711.63
MinimumVisualStudioVersion = 10.0.40219.1
Project("{FAE04EC0-301F-11D3-BF4B-00C04F79EFBC}") = "FirstProgect", "FirstProgect\FirstProgect.csproj", "{C07A7A08-64DF-45A8-A2F4-F8009A948AED}"
EndProject
Global
	GlobalSection(SolutionConfigurationPlatforms) = preSolution
		Debug|Any CPU = Debug|Any CPU
		Release|Any CPU = Release|Any CPU
	EndGlobalSection
	GlobalSection(ProjectConfigurationPlatforms) = postSolution
		{C07A7A08-64DF-45A8-A2F4-F8009A948AED}.Debug|Any CPU.ActiveCfg = Debug|Any CPU
		{C07A7A08-64DF-45A8-A2F4-F8009A948AED}.Debug|Any CPU.Build.0 = Debug|Any CPU
		{C07A7A08-64DF-45A8-A2F4-F8009A948AED}.Release|Any CPU.ActiveCfg = Release|Any CPU
		{C07A7A08-64DF-45A8-A2F4-F8009A948AED}.Release|Any CPU.Build.0 = Release|Any CPU
	EndGlobalSection
	GlobalSection(SolutionProperties) = preSolution
		HideSolutionNode = FALSE
	EndGlobalSection
	GlobalSection(ExtensibilityGlobals) = postSolution
		SolutionGuid = {25E625FD-FA3D-495F-B2E9-F4CE51B347BC}
	EndGlobalSection
EndGlobal
